
Microsoft Visual Studio Solution File, Format Version 12.00
# Visual Studio Version 17
VisualStudioVersion = 17.1.32421.90
MinimumVisualStudioVersion = 10.0.40219.1
Project("{2150E333-8FDC-42A3-9474-1A3956D46DE8}") = "Solution Items", "Solution Items", "{00225731-BE18-495B-9FDA-DEC2D79868B1}"
	ProjectSection(SolutionItems) = preProject
		.editorconfig = .editorconfig
		README.md = README.md
	EndProjectSection
EndProject
Project("{9A19103F-16F7-4668-BE54-9A1E7A4F7556}") = "SmartIOT.Connector.Core", "Core\SmartIOT.Connector.Core\SmartIOT.Connector.Core.csproj", "{67692621-B9D3-4A00-9BE9-E33E52D34023}"
EndProject
Project("{9A19103F-16F7-4668-BE54-9A1E7A4F7556}") = "SmartIOT.Connector.Messages", "Core\SmartIOT.Connector.Messages\SmartIOT.Connector.Messages.csproj", "{99D8C382-530F-4303-83E3-91FD101B2CD1}"
EndProject
Project("{9A19103F-16F7-4668-BE54-9A1E7A4F7556}") = "SmartIOT.Connector.Prometheus", "Core\SmartIOT.Connector.Prometheus\SmartIOT.Connector.Prometheus.csproj", "{AF349F89-07B6-4C40-812F-638AFB0B9FB1}"
EndProject
Project("{9A19103F-16F7-4668-BE54-9A1E7A4F7556}") = "SmartIOT.Connector.Mqtt", "Connectors\SmartIOT.Connector.Mqtt\SmartIOT.Connector.Mqtt.csproj", "{CFF12774-4E60-4986-9727-F43506CE6463}"
EndProject
Project("{9A19103F-16F7-4668-BE54-9A1E7A4F7556}") = "SmartIOT.Connector.Plc.S7Net", "Devices\SmartIOT.Connector.Plc.S7Net\SmartIOT.Connector.Plc.S7Net.csproj", "{871384BC-0F85-4C9A-A734-376CEC54BE00}"
EndProject
Project("{9A19103F-16F7-4668-BE54-9A1E7A4F7556}") = "SmartIOT.Connector.Plc.Snap7", "Devices\SmartIOT.Connector.Plc.Snap7\SmartIOT.Connector.Plc.Snap7.csproj", "{4F1C83CF-6500-4480-8075-26F3CD5CA10E}"
EndProject
Project("{9A19103F-16F7-4668-BE54-9A1E7A4F7556}") = "SmartIOT.Connector.ConsoleApp", "Apps\SmartIOT.Connector.ConsoleApp\SmartIOT.Connector.ConsoleApp.csproj", "{4B85DB85-E09C-4AB6-BF85-3E23A8414973}"
EndProject
Global
	GlobalSection(SolutionConfigurationPlatforms) = preSolution
		Debug|Any CPU = Debug|Any CPU
		Release|Any CPU = Release|Any CPU
	EndGlobalSection
	GlobalSection(ProjectConfigurationPlatforms) = postSolution
		{67692621-B9D3-4A00-9BE9-E33E52D34023}.Debug|Any CPU.ActiveCfg = Debug|Any CPU
		{67692621-B9D3-4A00-9BE9-E33E52D34023}.Debug|Any CPU.Build.0 = Debug|Any CPU
		{67692621-B9D3-4A00-9BE9-E33E52D34023}.Release|Any CPU.ActiveCfg = Release|Any CPU
		{67692621-B9D3-4A00-9BE9-E33E52D34023}.Release|Any CPU.Build.0 = Release|Any CPU
		{99D8C382-530F-4303-83E3-91FD101B2CD1}.Debug|Any CPU.ActiveCfg = Debug|Any CPU
		{99D8C382-530F-4303-83E3-91FD101B2CD1}.Debug|Any CPU.Build.0 = Debug|Any CPU
		{99D8C382-530F-4303-83E3-91FD101B2CD1}.Release|Any CPU.ActiveCfg = Release|Any CPU
		{99D8C382-530F-4303-83E3-91FD101B2CD1}.Release|Any CPU.Build.0 = Release|Any CPU
		{AF349F89-07B6-4C40-812F-638AFB0B9FB1}.Debug|Any CPU.ActiveCfg = Debug|Any CPU
		{AF349F89-07B6-4C40-812F-638AFB0B9FB1}.Debug|Any CPU.Build.0 = Debug|Any CPU
		{AF349F89-07B6-4C40-812F-638AFB0B9FB1}.Release|Any CPU.ActiveCfg = Release|Any CPU
		{AF349F89-07B6-4C40-812F-638AFB0B9FB1}.Release|Any CPU.Build.0 = Release|Any CPU
		{CFF12774-4E60-4986-9727-F43506CE6463}.Debug|Any CPU.ActiveCfg = Debug|Any CPU
		{CFF12774-4E60-4986-9727-F43506CE6463}.Debug|Any CPU.Build.0 = Debug|Any CPU
		{CFF12774-4E60-4986-9727-F43506CE6463}.Release|Any CPU.ActiveCfg = Release|Any CPU
		{CFF12774-4E60-4986-9727-F43506CE6463}.Release|Any CPU.Build.0 = Release|Any CPU
		{871384BC-0F85-4C9A-A734-376CEC54BE00}.Debug|Any CPU.ActiveCfg = Debug|Any CPU
		{871384BC-0F85-4C9A-A734-376CEC54BE00}.Debug|Any CPU.Build.0 = Debug|Any CPU
		{871384BC-0F85-4C9A-A734-376CEC54BE00}.Release|Any CPU.ActiveCfg = Release|Any CPU
		{871384BC-0F85-4C9A-A734-376CEC54BE00}.Release|Any CPU.Build.0 = Release|Any CPU
		{4F1C83CF-6500-4480-8075-26F3CD5CA10E}.Debug|Any CPU.ActiveCfg = Debug|Any CPU
		{4F1C83CF-6500-4480-8075-26F3CD5CA10E}.Debug|Any CPU.Build.0 = Debug|Any CPU
		{4F1C83CF-6500-4480-8075-26F3CD5CA10E}.Release|Any CPU.ActiveCfg = Release|Any CPU
		{4F1C83CF-6500-4480-8075-26F3CD5CA10E}.Release|Any CPU.Build.0 = Release|Any CPU
		{4B85DB85-E09C-4AB6-BF85-3E23A8414973}.Debug|Any CPU.ActiveCfg = Debug|Any CPU
		{4B85DB85-E09C-4AB6-BF85-3E23A8414973}.Debug|Any CPU.Build.0 = Debug|Any CPU
		{4B85DB85-E09C-4AB6-BF85-3E23A8414973}.Release|Any CPU.ActiveCfg = Release|Any CPU
		{4B85DB85-E09C-4AB6-BF85-3E23A8414973}.Release|Any CPU.Build.0 = Release|Any CPU
	EndGlobalSection
	GlobalSection(SolutionProperties) = preSolution
		HideSolutionNode = FALSE
	EndGlobalSection
	GlobalSection(ExtensibilityGlobals) = postSolution
		SolutionGuid = {72862639-80E2-4903-910B-7FC4EC818672}
	EndGlobalSection
EndGlobal
